// !$*UTF8*$!
{
	archiveVersion = 1;
	classes = {
	};
	objectVersion = 50;
	objects = {

/* Begin PBXBuildFile section */
		1DB00176269A9A8300EF5001 /* AppDelegate.swift in Sources */ = {isa = PBXBuildFile; fileRef = 1DB00175269A9A8300EF5001 /* AppDelegate.swift */; };
		1DB00178269A9A8300EF5001 /* SceneDelegate.swift in Sources */ = {isa = PBXBuildFile; fileRef = 1DB00177269A9A8300EF5001 /* SceneDelegate.swift */; };
		1DB0017A269A9A8300EF5001 /* ViewController.swift in Sources */ = {isa = PBXBuildFile; fileRef = 1DB00179269A9A8300EF5001 /* ViewController.swift */; };
		1DB0017D269A9A8300EF5001 /* Main.storyboard in Resources */ = {isa = PBXBuildFile; fileRef = 1DB0017B269A9A8300EF5001 /* Main.storyboard */; };
		1DB0017F269A9A8400EF5001 /* Assets.xcassets in Resources */ = {isa = PBXBuildFile; fileRef = 1DB0017E269A9A8400EF5001 /* Assets.xcassets */; };
		1DB00182269A9A8400EF5001 /* LaunchScreen.storyboard in Resources */ = {isa = PBXBuildFile; fileRef = 1DB00180269A9A8400EF5001 /* LaunchScreen.storyboard */; };
		1DB0018D269A9A8500EF5001 /* SFQRScanerTests.swift in Sources */ = {isa = PBXBuildFile; fileRef = 1DB0018C269A9A8500EF5001 /* SFQRScanerTests.swift */; };
		1DB00198269A9A8500EF5001 /* SFQRScanerUITests.swift in Sources */ = {isa = PBXBuildFile; fileRef = 1DB00197269A9A8500EF5001 /* SFQRScanerUITests.swift */; };
		1DB001A7269A9BB300EF5001 /* SFQRScaner.swift in Sources */ = {isa = PBXBuildFile; fileRef = 1DB001A6269A9BB300EF5001 /* SFQRScaner.swift */; };
		1DB001A9269AA2DE00EF5001 /* ResultViewController.swift in Sources */ = {isa = PBXBuildFile; fileRef = 1DB001A8269AA2DE00EF5001 /* ResultViewController.swift */; };
/* End PBXBuildFile section */

/* Begin PBXContainerItemProxy section */
		1DB00189269A9A8400EF5001 /* PBXContainerItemProxy */ = {
			isa = PBXContainerItemProxy;
			containerPortal = 1DB0016A269A9A8300EF5001 /* Project object */;
			proxyType = 1;
			remoteGlobalIDString = 1DB00171269A9A8300EF5001;
			remoteInfo = SFQRScaner;
		};
		1DB00194269A9A8500EF5001 /* PBXContainerItemProxy */ = {
			isa = PBXContainerItemProxy;
			containerPortal = 1DB0016A269A9A8300EF5001 /* Project object */;
			proxyType = 1;
			remoteGlobalIDString = 1DB00171269A9A8300EF5001;
			remoteInfo = SFQRScaner;
		};
/* End PBXContainerItemProxy section */

/* Begin PBXFileReference section */
		1DB00172269A9A8300EF5001 /* SFQRScaner.app */ = {isa = PBXFileReference; explicitFileType = wrapper.application; includeInIndex = 0; path = SFQRScaner.app; sourceTree = BUILT_PRODUCTS_DIR; };
		1DB00175269A9A8300EF5001 /* AppDelegate.swift */ = {isa = PBXFileReference; lastKnownFileType = sourcecode.swift; path = AppDelegate.swift; sourceTree = "<group>"; };
		1DB00177269A9A8300EF5001 /* SceneDelegate.swift */ = {isa = PBXFileReference; lastKnownFileType = sourcecode.swift; path = SceneDelegate.swift; sourceTree = "<group>"; };
		1DB00179269A9A8300EF5001 /* ViewController.swift */ = {isa = PBXFileReference; lastKnownFileType = sourcecode.swift; path = ViewController.swift; sourceTree = "<group>"; };
		1DB0017C269A9A8300EF5001 /* Base */ = {isa = PBXFileReference; lastKnownFileType = file.storyboard; name = Base; path = Base.lproj/Main.storyboard; sourceTree = "<group>"; };
		1DB0017E269A9A8400EF5001 /* Assets.xcassets */ = {isa = PBXFileReference; lastKnownFileType = folder.assetcatalog; path = Assets.xcassets; sourceTree = "<group>"; };
		1DB00181269A9A8400EF5001 /* Base */ = {isa = PBXFileReference; lastKnownFileType = file.storyboard; name = Base; path = Base.lproj/LaunchScreen.storyboard; sourceTree = "<group>"; };
		1DB00183269A9A8400EF5001 /* Info.plist */ = {isa = PBXFileReference; lastKnownFileType = text.plist.xml; path = Info.plist; sourceTree = "<group>"; };
		1DB00188269A9A8400EF5001 /* SFQRScanerTests.xctest */ = {isa = PBXFileReference; explicitFileType = wrapper.cfbundle; includeInIndex = 0; path = SFQRScanerTests.xctest; sourceTree = BUILT_PRODUCTS_DIR; };
		1DB0018C269A9A8500EF5001 /* SFQRScanerTests.swift */ = {isa = PBXFileReference; lastKnownFileType = sourcecode.swift; path = SFQRScanerTests.swift; sourceTree = "<group>"; };
		1DB0018E269A9A8500EF5001 /* Info.plist */ = {isa = PBXFileReference; lastKnownFileType = text.plist.xml; path = Info.plist; sourceTree = "<group>"; };
		1DB00193269A9A8500EF5001 /* SFQRScanerUITests.xctest */ = {isa = PBXFileReference; explicitFileType = wrapper.cfbundle; includeInIndex = 0; path = SFQRScanerUITests.xctest; sourceTree = BUILT_PRODUCTS_DIR; };
		1DB00197269A9A8500EF5001 /* SFQRScanerUITests.swift */ = {isa = PBXFileReference; lastKnownFileType = sourcecode.swift; path = SFQRScanerUITests.swift; sourceTree = "<group>"; };
		1DB00199269A9A8500EF5001 /* Info.plist */ = {isa = PBXFileReference; lastKnownFileType = text.plist.xml; path = Info.plist; sourceTree = "<group>"; };
		1DB001A6269A9BB300EF5001 /* SFQRScaner.swift */ = {isa = PBXFileReference; lastKnownFileType = sourcecode.swift; path = SFQRScaner.swift; sourceTree = "<group>"; };
		1DB001A8269AA2DE00EF5001 /* ResultViewController.swift */ = {isa = PBXFileReference; lastKnownFileType = sourcecode.swift; path = ResultViewController.swift; sourceTree = "<group>"; };
/* End PBXFileReference section */

/* Begin PBXFrameworksBuildPhase section */
		1DB0016F269A9A8300EF5001 /* Frameworks */ = {
			isa = PBXFrameworksBuildPhase;
			buildActionMask = 2147483647;
			files = (
			);
			runOnlyForDeploymentPostprocessing = 0;
		};
		1DB00185269A9A8400EF5001 /* Frameworks */ = {
			isa = PBXFrameworksBuildPhase;
			buildActionMask = 2147483647;
			files = (
			);
			runOnlyForDeploymentPostprocessing = 0;
		};
		1DB00190269A9A8500EF5001 /* Frameworks */ = {
			isa = PBXFrameworksBuildPhase;
			buildActionMask = 2147483647;
			files = (
			);
			runOnlyForDeploymentPostprocessing = 0;
		};
/* End PBXFrameworksBuildPhase section */

/* Begin PBXGroup section */
		1DB00169269A9A8300EF5001 = {
			isa = PBXGroup;
			children = (
				1DB00174269A9A8300EF5001 /* SFQRScaner */,
				1DB0018B269A9A8500EF5001 /* SFQRScanerTests */,
				1DB00196269A9A8500EF5001 /* SFQRScanerUITests */,
				1DB00173269A9A8300EF5001 /* Products */,
			);
			sourceTree = "<group>";
		};
		1DB00173269A9A8300EF5001 /* Products */ = {
			isa = PBXGroup;
			children = (
				1DB00172269A9A8300EF5001 /* SFQRScaner.app */,
				1DB00188269A9A8400EF5001 /* SFQRScanerTests.xctest */,
				1DB00193269A9A8500EF5001 /* SFQRScanerUITests.xctest */,
			);
			name = Products;
			sourceTree = "<group>";
		};
		1DB00174269A9A8300EF5001 /* SFQRScaner */ = {
			isa = PBXGroup;
			children = (
				1DB001A5269A9B8A00EF5001 /* Sources */,
				1DB00175269A9A8300EF5001 /* AppDelegate.swift */,
				1DB00177269A9A8300EF5001 /* SceneDelegate.swift */,
				1DB00179269A9A8300EF5001 /* ViewController.swift */,
				1DB001A8269AA2DE00EF5001 /* ResultViewController.swift */,
				1DB0017B269A9A8300EF5001 /* Main.storyboard */,
				1DB0017E269A9A8400EF5001 /* Assets.xcassets */,
				1DB00180269A9A8400EF5001 /* LaunchScreen.storyboard */,
				1DB00183269A9A8400EF5001 /* Info.plist */,
			);
			path = SFQRScaner;
			sourceTree = "<group>";
		};
		1DB0018B269A9A8500EF5001 /* SFQRScanerTests */ = {
			isa = PBXGroup;
			children = (
				1DB0018C269A9A8500EF5001 /* SFQRScanerTests.swift */,
				1DB0018E269A9A8500EF5001 /* Info.plist */,
			);
			path = SFQRScanerTests;
			sourceTree = "<group>";
		};
		1DB00196269A9A8500EF5001 /* SFQRScanerUITests */ = {
			isa = PBXGroup;
			children = (
				1DB00197269A9A8500EF5001 /* SFQRScanerUITests.swift */,
				1DB00199269A9A8500EF5001 /* Info.plist */,
			);
			path = SFQRScanerUITests;
			sourceTree = "<group>";
		};
		1DB001A5269A9B8A00EF5001 /* Sources */ = {
			isa = PBXGroup;
			children = (
				1DB001A6269A9BB300EF5001 /* SFQRScaner.swift */,
			);
			path = Sources;
			sourceTree = "<group>";
		};
/* End PBXGroup section */

/* Begin PBXNativeTarget section */
		1DB00171269A9A8300EF5001 /* SFQRScaner */ = {
			isa = PBXNativeTarget;
			buildConfigurationList = 1DB0019C269A9A8500EF5001 /* Build configuration list for PBXNativeTarget "SFQRScaner" */;
			buildPhases = (
				1DB0016E269A9A8300EF5001 /* Sources */,
				1DB0016F269A9A8300EF5001 /* Frameworks */,
				1DB00170269A9A8300EF5001 /* Resources */,
			);
			buildRules = (
			);
			dependencies = (
			);
			name = SFQRScaner;
			productName = SFQRScaner;
			productReference = 1DB00172269A9A8300EF5001 /* SFQRScaner.app */;
			productType = "com.apple.product-type.application";
		};
		1DB00187269A9A8400EF5001 /* SFQRScanerTests */ = {
			isa = PBXNativeTarget;
			buildConfigurationList = 1DB0019F269A9A8500EF5001 /* Build configuration list for PBXNativeTarget "SFQRScanerTests" */;
			buildPhases = (
				1DB00184269A9A8400EF5001 /* Sources */,
				1DB00185269A9A8400EF5001 /* Frameworks */,
				1DB00186269A9A8400EF5001 /* Resources */,
			);
			buildRules = (
			);
			dependencies = (
				1DB0018A269A9A8400EF5001 /* PBXTargetDependency */,
			);
			name = SFQRScanerTests;
			productName = SFQRScanerTests;
			productReference = 1DB00188269A9A8400EF5001 /* SFQRScanerTests.xctest */;
			productType = "com.apple.product-type.bundle.unit-test";
		};
		1DB00192269A9A8500EF5001 /* SFQRScanerUITests */ = {
			isa = PBXNativeTarget;
			buildConfigurationList = 1DB001A2269A9A8500EF5001 /* Build configuration list for PBXNativeTarget "SFQRScanerUITests" */;
			buildPhases = (
				1DB0018F269A9A8500EF5001 /* Sources */,
				1DB00190269A9A8500EF5001 /* Frameworks */,
				1DB00191269A9A8500EF5001 /* Resources */,
			);
			buildRules = (
			);
			dependencies = (
				1DB00195269A9A8500EF5001 /* PBXTargetDependency */,
			);
			name = SFQRScanerUITests;
			productName = SFQRScanerUITests;
			productReference = 1DB00193269A9A8500EF5001 /* SFQRScanerUITests.xctest */;
			productType = "com.apple.product-type.bundle.ui-testing";
		};
/* End PBXNativeTarget section */

/* Begin PBXProject section */
		1DB0016A269A9A8300EF5001 /* Project object */ = {
			isa = PBXProject;
			attributes = {
				LastSwiftUpdateCheck = 1250;
				LastUpgradeCheck = 1250;
				TargetAttributes = {
					1DB00171269A9A8300EF5001 = {
						CreatedOnToolsVersion = 12.5.1;
					};
					1DB00187269A9A8400EF5001 = {
						CreatedOnToolsVersion = 12.5.1;
						TestTargetID = 1DB00171269A9A8300EF5001;
					};
					1DB00192269A9A8500EF5001 = {
						CreatedOnToolsVersion = 12.5.1;
						TestTargetID = 1DB00171269A9A8300EF5001;
					};
				};
			};
			buildConfigurationList = 1DB0016D269A9A8300EF5001 /* Build configuration list for PBXProject "SFQRScaner" */;
			compatibilityVersion = "Xcode 9.3";
			developmentRegion = en;
			hasScannedForEncodings = 0;
			knownRegions = (
				en,
				Base,
			);
			mainGroup = 1DB00169269A9A8300EF5001;
			productRefGroup = 1DB00173269A9A8300EF5001 /* Products */;
			projectDirPath = "";
			projectRoot = "";
			targets = (
				1DB00171269A9A8300EF5001 /* SFQRScaner */,
				1DB00187269A9A8400EF5001 /* SFQRScanerTests */,
				1DB00192269A9A8500EF5001 /* SFQRScanerUITests */,
			);
		};
/* End PBXProject section */

/* Begin PBXResourcesBuildPhase section */
		1DB00170269A9A8300EF5001 /* Resources */ = {
			isa = PBXResourcesBuildPhase;
			buildActionMask = 2147483647;
			files = (
				1DB00182269A9A8400EF5001 /* LaunchScreen.storyboard in Resources */,
				1DB0017F269A9A8400EF5001 /* Assets.xcassets in Resources */,
				1DB0017D269A9A8300EF5001 /* Main.storyboard in Resources */,
			);
			runOnlyForDeploymentPostprocessing = 0;
		};
		1DB00186269A9A8400EF5001 /* Resources */ = {
			isa = PBXResourcesBuildPhase;
			buildActionMask = 2147483647;
			files = (
			);
			runOnlyForDeploymentPostprocessing = 0;
		};
		1DB00191269A9A8500EF5001 /* Resources */ = {
			isa = PBXResourcesBuildPhase;
			buildActionMask = 2147483647;
			files = (
			);
			runOnlyForDeploymentPostprocessing = 0;
		};
/* End PBXResourcesBuildPhase section */

/* Begin PBXSourcesBuildPhase section */
		1DB0016E269A9A8300EF5001 /* Sources */ = {
			isa = PBXSourcesBuildPhase;
			buildActionMask = 2147483647;
			files = (
				1DB001A9269AA2DE00EF5001 /* ResultViewController.swift in Sources */,
				1DB0017A269A9A8300EF5001 /* ViewController.swift in Sources */,
				1DB00176269A9A8300EF5001 /* AppDelegate.swift in Sources */,
				1DB00178269A9A8300EF5001 /* SceneDelegate.swift in Sources */,
				1DB001A7269A9BB300EF5001 /* SFQRScaner.swift in Sources */,
			);
			runOnlyForDeploymentPostprocessing = 0;
		};
		1DB00184269A9A8400EF5001 /* Sources */ = {
			isa = PBXSourcesBuildPhase;
			buildActionMask = 2147483647;
			files = (
				1DB0018D269A9A8500EF5001 /* SFQRScanerTests.swift in Sources */,
			);
			runOnlyForDeploymentPostprocessing = 0;
		};
		1DB0018F269A9A8500EF5001 /* Sources */ = {
			isa = PBXSourcesBuildPhase;
			buildActionMask = 2147483647;
			files = (
				1DB00198269A9A8500EF5001 /* SFQRScanerUITests.swift in Sources */,
			);
			runOnlyForDeploymentPostprocessing = 0;
		};
/* End PBXSourcesBuildPhase section */

/* Begin PBXTargetDependency section */
		1DB0018A269A9A8400EF5001 /* PBXTargetDependency */ = {
			isa = PBXTargetDependency;
			target = 1DB00171269A9A8300EF5001 /* SFQRScaner */;
			targetProxy = 1DB00189269A9A8400EF5001 /* PBXContainerItemProxy */;
		};
		1DB00195269A9A8500EF5001 /* PBXTargetDependency */ = {
			isa = PBXTargetDependency;
			target = 1DB00171269A9A8300EF5001 /* SFQRScaner */;
			targetProxy = 1DB00194269A9A8500EF5001 /* PBXContainerItemProxy */;
		};
/* End PBXTargetDependency section */

/* Begin PBXVariantGroup section */
		1DB0017B269A9A8300EF5001 /* Main.storyboard */ = {
			isa = PBXVariantGroup;
			children = (
				1DB0017C269A9A8300EF5001 /* Base */,
			);
			name = Main.storyboard;
			sourceTree = "<group>";
		};
		1DB00180269A9A8400EF5001 /* LaunchScreen.storyboard */ = {
			isa = PBXVariantGroup;
			children = (
				1DB00181269A9A8400EF5001 /* Base */,
			);
			name = LaunchScreen.storyboard;
			sourceTree = "<group>";
		};
/* End PBXVariantGroup section */

/* Begin XCBuildConfiguration section */
		1DB0019A269A9A8500EF5001 /* Debug */ = {
			isa = XCBuildConfiguration;
			buildSettings = {
				ALWAYS_SEARCH_USER_PATHS = NO;
				CLANG_ANALYZER_NONNULL = YES;
				CLANG_ANALYZER_NUMBER_OBJECT_CONVERSION = YES_AGGRESSIVE;
				CLANG_CXX_LANGUAGE_STANDARD = "gnu++14";
				CLANG_CXX_LIBRARY = "libc++";
				CLANG_ENABLE_MODULES = YES;
				CLANG_ENABLE_OBJC_ARC = YES;
				CLANG_ENABLE_OBJC_WEAK = YES;
				CLANG_WARN_BLOCK_CAPTURE_AUTORELEASING = YES;
				CLANG_WARN_BOOL_CONVERSION = YES;
				CLANG_WARN_COMMA = YES;
				CLANG_WARN_CONSTANT_CONVERSION = YES;
				CLANG_WARN_DEPRECATED_OBJC_IMPLEMENTATIONS = YES;
				CLANG_WARN_DIRECT_OBJC_ISA_USAGE = YES_ERROR;
				CLANG_WARN_DOCUMENTATION_COMMENTS = YES;
				CLANG_WARN_EMPTY_BODY = YES;
				CLANG_WARN_ENUM_CONVERSION = YES;
				CLANG_WARN_INFINITE_RECURSION = YES;
				CLANG_WARN_INT_CONVERSION = YES;
				CLANG_WARN_NON_LITERAL_NULL_CONVERSION = YES;
				CLANG_WARN_OBJC_IMPLICIT_RETAIN_SELF = YES;
				CLANG_WARN_OBJC_LITERAL_CONVERSION = YES;
				CLANG_WARN_OBJC_ROOT_CLASS = YES_ERROR;
				CLANG_WARN_QUOTED_INCLUDE_IN_FRAMEWORK_HEADER = YES;
				CLANG_WARN_RANGE_LOOP_ANALYSIS = YES;
				CLANG_WARN_STRICT_PROTOTYPES = YES;
				CLANG_WARN_SUSPICIOUS_MOVE = YES;
				CLANG_WARN_UNGUARDED_AVAILABILITY = YES_AGGRESSIVE;
				CLANG_WARN_UNREACHABLE_CODE = YES;
				CLANG_WARN__DUPLICATE_METHOD_MATCH = YES;
				COPY_PHASE_STRIP = NO;
				DEBUG_INFORMATION_FORMAT = dwarf;
				ENABLE_STRICT_OBJC_MSGSEND = YES;
				ENABLE_TESTABILITY = YES;
				GCC_C_LANGUAGE_STANDARD = gnu11;
				GCC_DYNAMIC_NO_PIC = NO;
				GCC_NO_COMMON_BLOCKS = YES;
				GCC_OPTIMIZATION_LEVEL = 0;
				GCC_PREPROCESSOR_DEFINITIONS = (
					"DEBUG=1",
					"$(inherited)",
				);
				GCC_WARN_64_TO_32_BIT_CONVERSION = YES;
				GCC_WARN_ABOUT_RETURN_TYPE = YES_ERROR;
				GCC_WARN_UNDECLARED_SELECTOR = YES;
				GCC_WARN_UNINITIALIZED_AUTOS = YES_AGGRESSIVE;
				GCC_WARN_UNUSED_FUNCTION = YES;
				GCC_WARN_UNUSED_VARIABLE = YES;
				IPHONEOS_DEPLOYMENT_TARGET = 14.5;
				MTL_ENABLE_DEBUG_INFO = INCLUDE_SOURCE;
				MTL_FAST_MATH = YES;
				ONLY_ACTIVE_ARCH = YES;
				SDKROOT = iphoneos;
				SWIFT_ACTIVE_COMPILATION_CONDITIONS = DEBUG;
				SWIFT_OPTIMIZATION_LEVEL = "-Onone";
			};
			name = Debug;
		};
		1DB0019B269A9A8500EF5001 /* Release */ = {
			isa = XCBuildConfiguration;
			buildSettings = {
				ALWAYS_SEARCH_USER_PATHS = NO;
				CLANG_ANALYZER_NONNULL = YES;
				CLANG_ANALYZER_NUMBER_OBJECT_CONVERSION = YES_AGGRESSIVE;
				CLANG_CXX_LANGUAGE_STANDARD = "gnu++14";
				CLANG_CXX_LIBRARY = "libc++";
				CLANG_ENABLE_MODULES = YES;
				CLANG_ENABLE_OBJC_ARC = YES;
				CLANG_ENABLE_OBJC_WEAK = YES;
				CLANG_WARN_BLOCK_CAPTURE_AUTORELEASING = YES;
				CLANG_WARN_BOOL_CONVERSION = YES;
				CLANG_WARN_COMMA = YES;
				CLANG_WARN_CONSTANT_CONVERSION = YES;
				CLANG_WARN_DEPRECATED_OBJC_IMPLEMENTATIONS = YES;
				CLANG_WARN_DIRECT_OBJC_ISA_USAGE = YES_ERROR;
				CLANG_WARN_DOCUMENTATION_COMMENTS = YES;
				CLANG_WARN_EMPTY_BODY = YES;
				CLANG_WARN_ENUM_CONVERSION = YES;
				CLANG_WARN_INFINITE_RECURSION = YES;
				CLANG_WARN_INT_CONVERSION = YES;
				CLANG_WARN_NON_LITERAL_NULL_CONVERSION = YES;
				CLANG_WARN_OBJC_IMPLICIT_RETAIN_SELF = YES;
				CLANG_WARN_OBJC_LITERAL_CONVERSION = YES;
				CLANG_WARN_OBJC_ROOT_CLASS = YES_ERROR;
				CLANG_WARN_QUOTED_INCLUDE_IN_FRAMEWORK_HEADER = YES;
				CLANG_WARN_RANGE_LOOP_ANALYSIS = YES;
				CLANG_WARN_STRICT_PROTOTYPES = YES;
				CLANG_WARN_SUSPICIOUS_MOVE = YES;
				CLANG_WARN_UNGUARDED_AVAILABILITY = YES_AGGRESSIVE;
				CLANG_WARN_UNREACHABLE_CODE = YES;
				CLANG_WARN__DUPLICATE_METHOD_MATCH = YES;
				COPY_PHASE_STRIP = NO;
				DEBUG_INFORMATION_FORMAT = "dwarf-with-dsym";
				ENABLE_NS_ASSERTIONS = NO;
				ENABLE_STRICT_OBJC_MSGSEND = YES;
				GCC_C_LANGUAGE_STANDARD = gnu11;
				GCC_NO_COMMON_BLOCKS = YES;
				GCC_WARN_64_TO_32_BIT_CONVERSION = YES;
				GCC_WARN_ABOUT_RETURN_TYPE = YES_ERROR;
				GCC_WARN_UNDECLARED_SELECTOR = YES;
				GCC_WARN_UNINITIALIZED_AUTOS = YES_AGGRESSIVE;
				GCC_WARN_UNUSED_FUNCTION = YES;
				GCC_WARN_UNUSED_VARIABLE = YES;
				IPHONEOS_DEPLOYMENT_TARGET = 14.5;
				MTL_ENABLE_DEBUG_INFO = NO;
				MTL_FAST_MATH = YES;
				SDKROOT = iphoneos;
				SWIFT_COMPILATION_MODE = wholemodule;
				SWIFT_OPTIMIZATION_LEVEL = "-O";
				VALIDATE_PRODUCT = YES;
			};
			name = Release;
		};
		1DB0019D269A9A8500EF5001 /* Debug */ = {
			isa = XCBuildConfiguration;
			buildSettings = {
				ASSETCATALOG_COMPILER_APPICON_NAME = AppIcon;
				ASSETCATALOG_COMPILER_GLOBAL_ACCENT_COLOR_NAME = AccentColor;
				CODE_SIGN_STYLE = Automatic;
				DEVELOPMENT_TEAM = BTZX999XZ2;
				INFOPLIST_FILE = SFQRScaner/Info.plist;
				LD_RUNPATH_SEARCH_PATHS = (
					"$(inherited)",
					"@executable_path/Frameworks",
				);
				PRODUCT_BUNDLE_IDENTIFIER = com.test.stroman;
				PRODUCT_NAME = "$(TARGET_NAME)";
				SWIFT_VERSION = 5.0;
				TARGETED_DEVICE_FAMILY = "1,2";
			};
			name = Debug;
		};
		1DB0019E269A9A8500EF5001 /* Release */ = {
			isa = XCBuildConfiguration;
			buildSettings = {
				ASSETCATALOG_COMPILER_APPICON_NAME = AppIcon;
				ASSETCATALOG_COMPILER_GLOBAL_ACCENT_COLOR_NAME = AccentColor;
				CODE_SIGN_STYLE = Automatic;
				DEVELOPMENT_TEAM = BTZX999XZ2;
				INFOPLIST_FILE = SFQRScaner/Info.plist;
				LD_RUNPATH_SEARCH_PATHS = (
					"$(inherited)",
					"@executable_path/Frameworks",
				);
				PRODUCT_BUNDLE_IDENTIFIER = com.test.stroman;
				PRODUCT_NAME = "$(TARGET_NAME)";
				SWIFT_VERSION = 5.0;
				TARGETED_DEVICE_FAMILY = "1,2";
			};
			name = Release;
		};
		1DB001A0269A9A8500EF5001 /* Debug */ = {
			isa = XCBuildConfiguration;
			buildSettings = {
				ALWAYS_EMBED_SWIFT_STANDARD_LIBRARIES = YES;
				BUNDLE_LOADER = "$(TEST_HOST)";
				CODE_SIGN_STYLE = Automatic;
				DEVELOPMENT_TEAM = BTZX999XZ2;
				INFOPLIST_FILE = SFQRScanerTests/Info.plist;
				IPHONEOS_DEPLOYMENT_TARGET = 14.5;
				LD_RUNPATH_SEARCH_PATHS = (
					"$(inherited)",
					"@executable_path/Frameworks",
					"@loader_path/Frameworks",
				);
				PRODUCT_BUNDLE_IDENTIFIER = "---.SFQRScanerTests";
				PRODUCT_NAME = "$(TARGET_NAME)";
				SWIFT_VERSION = 5.0;
				TARGETED_DEVICE_FAMILY = "1,2";
				TEST_HOST = "$(BUILT_PRODUCTS_DIR)/SFQRScaner.app/SFQRScaner";
			};
			name = Debug;
		};
		1DB001A1269A9A8500EF5001 /* Release */ = {
			isa = XCBuildConfiguration;
			buildSettings = {
				ALWAYS_EMBED_SWIFT_STANDARD_LIBRARIES = YES;
				BUNDLE_LOADER = "$(TEST_HOST)";
				CODE_SIGN_STYLE = Automatic;
				DEVELOPMENT_TEAM = BTZX999XZ2;
				INFOPLIST_FILE = SFQRScanerTests/Info.plist;
				IPHONEOS_DEPLOYMENT_TARGET = 14.5;
				LD_RUNPATH_SEARCH_PATHS = (
					"$(inherited)",
					"@executable_path/Frameworks",
					"@loader_path/Frameworks",
				);
				PRODUCT_BUNDLE_IDENTIFIER = "---.SFQRScanerTests";
				PRODUCT_NAME = "$(TARGET_NAME)";
				SWIFT_VERSION = 5.0;
				TARGETED_DEVICE_FAMILY = "1,2";
				TEST_HOST = "$(BUILT_PRODUCTS_DIR)/SFQRScaner.app/SFQRScaner";
			};
			name = Release;
		};
		1DB001A3269A9A8500EF5001 /* Debug */ = {
			isa = XCBuildConfiguration;
			buildSettings = {
				ALWAYS_EMBED_SWIFT_STANDARD_LIBRARIES = YES;
				CODE_SIGN_STYLE = Automatic;
				DEVELOPMENT_TEAM = BTZX999XZ2;
				INFOPLIST_FILE = SFQRScanerUITests/Info.plist;
				LD_RUNPATH_SEARCH_PATHS = (
					"$(inherited)",
					"@executable_path/Frameworks",
					"@loader_path/Frameworks",
				);
				PRODUCT_BUNDLE_IDENTIFIER = "---.SFQRScanerUITests";
				PRODUCT_NAME = "$(TARGET_NAME)";
				SWIFT_VERSION = 5.0;
				TARGETED_DEVICE_FAMILY = "1,2";
				TEST_TARGET_NAME = SFQRScaner;
			};
			name = Debug;
		};
		1DB001A4269A9A8500EF5001 /* Release */ = {
			isa = XCBuildConfiguration;
			buildSettings = {
				ALWAYS_EMBED_SWIFT_STANDARD_LIBRARIES = YES;
				CODE_SIGN_STYLE = Automatic;
				DEVELOPMENT_TEAM = BTZX999XZ2;
				INFOPLIST_FILE = SFQRScanerUITests/Info.plist;
				LD_RUNPATH_SEARCH_PATHS = (
					"$(inherited)",
					"@executable_path/Frameworks",
					"@loader_path/Frameworks",
				);
				PRODUCT_BUNDLE_IDENTIFIER = "---.SFQRScanerUITests";
				PRODUCT_NAME = "$(TARGET_NAME)";
				SWIFT_VERSION = 5.0;
				TARGETED_DEVICE_FAMILY = "1,2";
				TEST_TARGET_NAME = SFQRScaner;
			};
			name = Release;
		};
/* End XCBuildConfiguration section */

/* Begin XCConfigurationList section */
		1DB0016D269A9A8300EF5001 /* Build configuration list for PBXProject "SFQRScaner" */ = {
			isa = XCConfigurationList;
			buildConfigurations = (
				1DB0019A269A9A8500EF5001 /* Debug */,
				1DB0019B269A9A8500EF5001 /* Release */,
			);
			defaultConfigurationIsVisible = 0;
			defaultConfigurationName = Release;
		};
		1DB0019C269A9A8500EF5001 /* Build configuration list for PBXNativeTarget "SFQRScaner" */ = {
			isa = XCConfigurationList;
			buildConfigurations = (
				1DB0019D269A9A8500EF5001 /* Debug */,
				1DB0019E269A9A8500EF5001 /* Release */,
			);
			defaultConfigurationIsVisible = 0;
			defaultConfigurationName = Release;
		};
		1DB0019F269A9A8500EF5001 /* Build configuration list for PBXNativeTarget "SFQRScanerTests" */ = {
			isa = XCConfigurationList;
			buildConfigurations = (
				1DB001A0269A9A8500EF5001 /* Debug */,
				1DB001A1269A9A8500EF5001 /* Release */,
			);
			defaultConfigurationIsVisible = 0;
			defaultConfigurationName = Release;
		};
		1DB001A2269A9A8500EF5001 /* Build configuration list for PBXNativeTarget "SFQRScanerUITests" */ = {
			isa = XCConfigurationList;
			buildConfigurations = (
				1DB001A3269A9A8500EF5001 /* Debug */,
				1DB001A4269A9A8500EF5001 /* Release */,
			);
			defaultConfigurationIsVisible = 0;
			defaultConfigurationName = Release;
		};
/* End XCConfigurationList section */
	};
	rootObject = 1DB0016A269A9A8300EF5001 /* Project object */;
}
